Microsoft Visual Studio Solution File, Format Version 12.00
# Visual Studio 2012
Project("{FAE04EC0-301F-11D3-BF4B-00C04F79EFBC}") = "TestingMobile", "TestingMobile.csproj", "{8BAAC72E-C928-447D-8CB7-64A5C57EFC0D}"
EndProject
Global
	GlobalSection(SolutionConfigurationPlatforms) = preSolution
	Debug|Any CPU = Debug|Any CPU
	ExportDebug|Any CPU = ExportDebug|Any CPU
	ExportRelease|Any CPU = ExportRelease|Any CPU
	EndGlobalSection
	GlobalSection(ProjectConfigurationPlatforms) = postSolution
		{8BAAC72E-C928-447D-8CB7-64A5C57EFC0D}.Debug|Any CPU.ActiveCfg = Debug|Any CPU
		{8BAAC72E-C928-447D-8CB7-64A5C57EFC0D}.Debug|Any CPU.Build.0 = Debug|Any CPU
		{8BAAC72E-C928-447D-8CB7-64A5C57EFC0D}.ExportDebug|Any CPU.ActiveCfg = ExportDebug|Any CPU
		{8BAAC72E-C928-447D-8CB7-64A5C57EFC0D}.ExportDebug|Any CPU.Build.0 = ExportDebug|Any CPU
		{8BAAC72E-C928-447D-8CB7-64A5C57EFC0D}.ExportRelease|Any CPU.ActiveCfg = ExportRelease|Any CPU
		{8BAAC72E-C928-447D-8CB7-64A5C57EFC0D}.ExportRelease|Any CPU.Build.0 = ExportRelease|Any CPU
	EndGlobalSection
EndGlobal
